{
  "name": "typeorm-schema-diagram",
  "version": "1.0.0",
  "lockfileVersion": 1,
  "requires": true,
  "dependencies": {
    "commander": {
      "version": "2.20.3",
      "resolved": "https://registry.npmjs.org/commander/-/commander-2.20.3.tgz",
      "integrity": "sha512-GpVkmM8vF2vQUkj2LvZmD35JxeJOLCwJ9cUkugyk2nuhbv3+mJvpLYYt+0+USMxE+oj+ey/lJEnhZw75x/OMcQ=="
    },
    "node-nailgun-client": {
      "version": "0.1.2",
      "resolved": "https://registry.npmjs.org/node-nailgun-client/-/node-nailgun-client-0.1.2.tgz",
      "integrity": "sha512-OC611lR0fsDUSptwnhBf8d3sj4DZ5fiRKfS2QaGPe0kR3Dt9YoZr1MY7utK0scFPTbXuQdSBBbeoKYVbME1q5g==",
      "requires": {
        "commander": "^2.8.1"
      }
    },
    "node-nailgun-server": {
      "version": "0.1.4",
      "resolved": "https://registry.npmjs.org/node-nailgun-server/-/node-nailgun-server-0.1.4.tgz",
      "integrity": "sha512-e0Hbh6XPb/7GqATJ45BePaUEO5AwR7InRW/pGeMKHH1cqPMBFCeqdBNfvi+bkVLnsbYOOQE+pAek9nmNoD8sYw==",
      "requires": {
        "commander": "^2.8.1"
      }
    },
    "node-plantuml": {
      "version": "0.9.0",
      "resolved": "https://registry.npmjs.org/node-plantuml/-/node-plantuml-0.9.0.tgz",
      "integrity": "sha512-bUnntTGjbpYu1pvXZI/GS6ctcXf3AOMqJxBMO8vFzTT5RwH8Cj/J5Ca6Dy+PEfMiMDdSBCFKSGnvYyBvYnucXg==",
      "requires": {
        "commander": "^2.8.1",
        "node-nailgun-client": "^0.1.0",
        "node-nailgun-server": "^0.1.4",
        "plantuml-encoder": "^1.2.5"
      }
    },
    "plantuml-encoder": {
      "version": "1.4.0",
      "resolved": "https://registry.npmjs.org/plantuml-encoder/-/plantuml-encoder-1.4.0.tgz",
      "integrity": "sha512-sxMwpDw/ySY1WB2CE3+IdMuEcWibJ72DDOsXLkSmEaSzwEUaYBT6DWgOfBiHGCux4q433X6+OEFWjlVqp7gL6g=="
    }
  }
}
